
Microsoft Visual Studio Solution File, Format Version 12.00
# Visual Studio 15
Project("{FAE04EC0-301F-11D3-BF4B-00C04F79EFBC}") = "PDFTronAndroidX.Android", "PDFTronAndroidX.Android\PDFTronAndroidX.Android.csproj", "{BE1CB336-3741-4851-B0DE-B161D9FFB3F0}"
EndProject
Project("{FAE04EC0-301F-11D3-BF4B-00C04F79EFBC}") = "PDFTronAndroidX.iOS", "PDFTronAndroidX.iOS\PDFTronAndroidX.iOS.csproj", "{692E66BA-53F2-40DF-970B-4DDA01EEBB7E}"
EndProject
Project("{FAE04EC0-301F-11D3-BF4B-00C04F79EFBC}") = "PDFTronAndroidX", "PDFTronAndroidX\PDFTronAndroidX.csproj", "{59468443-2659-482B-A8F5-1A8E179491CA}"
EndProject
Global
	GlobalSection(SolutionConfigurationPlatforms) = preSolution
		Debug|Any CPU = Debug|Any CPU
		Release|Any CPU = Release|Any CPU
		Debug|iPhoneSimulator = Debug|iPhoneSimulator
		Release|iPhoneSimulator = Release|iPhoneSimulator
		Debug|iPhone = Debug|iPhone
		Release|iPhone = Release|iPhone
	EndGlobalSection
	GlobalSection(ProjectConfigurationPlatforms) = postSolution
		{BE1CB336-3741-4851-B0DE-B161D9FFB3F0}.Debug|Any CPU.ActiveCfg = Debug|Any CPU
		{BE1CB336-3741-4851-B0DE-B161D9FFB3F0}.Debug|Any CPU.Build.0 = Debug|Any CPU
		{BE1CB336-3741-4851-B0DE-B161D9FFB3F0}.Release|Any CPU.ActiveCfg = Release|Any CPU
		{BE1CB336-3741-4851-B0DE-B161D9FFB3F0}.Release|Any CPU.Build.0 = Release|Any CPU
		{BE1CB336-3741-4851-B0DE-B161D9FFB3F0}.Debug|iPhoneSimulator.ActiveCfg = Debug|Any CPU
		{BE1CB336-3741-4851-B0DE-B161D9FFB3F0}.Debug|iPhoneSimulator.Build.0 = Debug|Any CPU
		{BE1CB336-3741-4851-B0DE-B161D9FFB3F0}.Release|iPhoneSimulator.ActiveCfg = Release|Any CPU
		{BE1CB336-3741-4851-B0DE-B161D9FFB3F0}.Release|iPhoneSimulator.Build.0 = Release|Any CPU
		{BE1CB336-3741-4851-B0DE-B161D9FFB3F0}.Debug|iPhone.ActiveCfg = Debug|Any CPU
		{BE1CB336-3741-4851-B0DE-B161D9FFB3F0}.Debug|iPhone.Build.0 = Debug|Any CPU
		{BE1CB336-3741-4851-B0DE-B161D9FFB3F0}.Release|iPhone.ActiveCfg = Release|Any CPU
		{BE1CB336-3741-4851-B0DE-B161D9FFB3F0}.Release|iPhone.Build.0 = Release|Any CPU
		{692E66BA-53F2-40DF-970B-4DDA01EEBB7E}.Debug|Any CPU.ActiveCfg = Debug|iPhoneSimulator
		{692E66BA-53F2-40DF-970B-4DDA01EEBB7E}.Debug|Any CPU.Build.0 = Debug|iPhoneSimulator
		{692E66BA-53F2-40DF-970B-4DDA01EEBB7E}.Release|Any CPU.ActiveCfg = Release|iPhoneSimulator
		{692E66BA-53F2-40DF-970B-4DDA01EEBB7E}.Release|Any CPU.Build.0 = Release|iPhoneSimulator
		{692E66BA-53F2-40DF-970B-4DDA01EEBB7E}.Debug|iPhoneSimulator.ActiveCfg = Debug|iPhoneSimulator
		{692E66BA-53F2-40DF-970B-4DDA01EEBB7E}.Debug|iPhoneSimulator.Build.0 = Debug|iPhoneSimulator
		{692E66BA-53F2-40DF-970B-4DDA01EEBB7E}.Release|iPhoneSimulator.ActiveCfg = Release|iPhoneSimulator
		{692E66BA-53F2-40DF-970B-4DDA01EEBB7E}.Release|iPhoneSimulator.Build.0 = Release|iPhoneSimulator
		{692E66BA-53F2-40DF-970B-4DDA01EEBB7E}.Debug|iPhone.ActiveCfg = Debug|iPhone
		{692E66BA-53F2-40DF-970B-4DDA01EEBB7E}.Debug|iPhone.Build.0 = Debug|iPhone
		{692E66BA-53F2-40DF-970B-4DDA01EEBB7E}.Release|iPhone.ActiveCfg = Release|iPhone
		{692E66BA-53F2-40DF-970B-4DDA01EEBB7E}.Release|iPhone.Build.0 = Release|iPhone
		{59468443-2659-482B-A8F5-1A8E179491CA}.Debug|Any CPU.ActiveCfg = Debug|Any CPU
		{59468443-2659-482B-A8F5-1A8E179491CA}.Debug|Any CPU.Build.0 = Debug|Any CPU
		{59468443-2659-482B-A8F5-1A8E179491CA}.Release|Any CPU.ActiveCfg = Release|Any CPU
		{59468443-2659-482B-A8F5-1A8E179491CA}.Release|Any CPU.Build.0 = Release|Any CPU
		{59468443-2659-482B-A8F5-1A8E179491CA}.Debug|iPhoneSimulator.ActiveCfg = Debug|Any CPU
		{59468443-2659-482B-A8F5-1A8E179491CA}.Debug|iPhoneSimulator.Build.0 = Debug|Any CPU
		{59468443-2659-482B-A8F5-1A8E179491CA}.Release|iPhoneSimulator.ActiveCfg = Release|Any CPU
		{59468443-2659-482B-A8F5-1A8E179491CA}.Release|iPhoneSimulator.Build.0 = Release|Any CPU
		{59468443-2659-482B-A8F5-1A8E179491CA}.Debug|iPhone.ActiveCfg = Debug|Any CPU
		{59468443-2659-482B-A8F5-1A8E179491CA}.Debug|iPhone.Build.0 = Debug|Any CPU
		{59468443-2659-482B-A8F5-1A8E179491CA}.Release|iPhone.ActiveCfg = Release|Any CPU
		{59468443-2659-482B-A8F5-1A8E179491CA}.Release|iPhone.Build.0 = Release|Any CPU
	EndGlobalSection
EndGlobal
